// !$*UTF8*$!
{
	archiveVersion = 1;
	classes = {
	};
	objectVersion = 50;
	objects = {

/* Begin PBXBuildFile section */
		7331B2116A0C513443EB3BE2 /* Pods_MoyaDemo.framework in Frameworks */ = {isa = PBXBuildFile; fileRef = 492EF32D0036978EA1D8F0C8 /* Pods_MoyaDemo.framework */; };
		D08EF17221A957B5001FAC99 /* AppDelegate.swift in Sources */ = {isa = PBXBuildFile; fileRef = D08EF17121A957B5001FAC99 /* AppDelegate.swift */; };
		D08EF17421A957B5001FAC99 /* ViewController.swift in Sources */ = {isa = PBXBuildFile; fileRef = D08EF17321A957B5001FAC99 /* ViewController.swift */; };
		D08EF17721A957B5001FAC99 /* Main.storyboard in Resources */ = {isa = PBXBuildFile; fileRef = D08EF17521A957B5001FAC99 /* Main.storyboard */; };
		D08EF17921A957B6001FAC99 /* Assets.xcassets in Resources */ = {isa = PBXBuildFile; fileRef = D08EF17821A957B6001FAC99 /* Assets.xcassets */; };
		D08EF17C21A957B6001FAC99 /* LaunchScreen.storyboard in Resources */ = {isa = PBXBuildFile; fileRef = D08EF17A21A957B6001FAC99 /* LaunchScreen.storyboard */; };
		D08EF18421A96665001FAC99 /* MyService.swift in Sources */ = {isa = PBXBuildFile; fileRef = D08EF18321A96665001FAC99 /* MyService.swift */; };
/* End PBXBuildFile section */

/* Begin PBXFileReference section */
		30CF8B3D728DB2BF4EC4CB1F /* Pods-MoyaDemo.release.xcconfig */ = {isa = PBXFileReference; includeInIndex = 1; lastKnownFileType = text.xcconfig; name = "Pods-MoyaDemo.release.xcconfig"; path = "Pods/Target Support Files/Pods-MoyaDemo/Pods-MoyaDemo.release.xcconfig"; sourceTree = "<group>"; };
		492EF32D0036978EA1D8F0C8 /* Pods_MoyaDemo.framework */ = {isa = PBXFileReference; explicitFileType = wrapper.framework; includeInIndex = 0; path = Pods_MoyaDemo.framework; sourceTree = BUILT_PRODUCTS_DIR; };
		D08EF16E21A957B5001FAC99 /* MoyaDemo.app */ = {isa = PBXFileReference; explicitFileType = wrapper.application; includeInIndex = 0; path = MoyaDemo.app; sourceTree = BUILT_PRODUCTS_DIR; };
		D08EF17121A957B5001FAC99 /* AppDelegate.swift */ = {isa = PBXFileReference; lastKnownFileType = sourcecode.swift; path = AppDelegate.swift; sourceTree = "<group>"; };
		D08EF17321A957B5001FAC99 /* ViewController.swift */ = {isa = PBXFileReference; lastKnownFileType = sourcecode.swift; path = ViewController.swift; sourceTree = "<group>"; };
		D08EF17621A957B5001FAC99 /* Base */ = {isa = PBXFileReference; lastKnownFileType = file.storyboard; name = Base; path = Base.lproj/Main.storyboard; sourceTree = "<group>"; };
		D08EF17821A957B6001FAC99 /* Assets.xcassets */ = {isa = PBXFileReference; lastKnownFileType = folder.assetcatalog; path = Assets.xcassets; sourceTree = "<group>"; };
		D08EF17B21A957B6001FAC99 /* Base */ = {isa = PBXFileReference; lastKnownFileType = file.storyboard; name = Base; path = Base.lproj/LaunchScreen.storyboard; sourceTree = "<group>"; };
		D08EF17D21A957B6001FAC99 /* Info.plist */ = {isa = PBXFileReference; lastKnownFileType = text.plist.xml; path = Info.plist; sourceTree = "<group>"; };
		D08EF18321A96665001FAC99 /* MyService.swift */ = {isa = PBXFileReference; lastKnownFileType = sourcecode.swift; path = MyService.swift; sourceTree = "<group>"; };
		FC310B75E96C9F367DF0EB64 /* Pods-MoyaDemo.debug.xcconfig */ = {isa = PBXFileReference; includeInIndex = 1; lastKnownFileType = text.xcconfig; name = "Pods-MoyaDemo.debug.xcconfig"; path = "Pods/Target Support Files/Pods-MoyaDemo/Pods-MoyaDemo.debug.xcconfig"; sourceTree = "<group>"; };
/* End PBXFileReference section */

/* Begin PBXFrameworksBuildPhase section */
		D08EF16B21A957B5001FAC99 /* Frameworks */ = {
			isa = PBXFrameworksBuildPhase;
			buildActionMask = 2147483647;
			files = (
				7331B2116A0C513443EB3BE2 /* Pods_MoyaDemo.framework in Frameworks */,
			);
			runOnlyForDeploymentPostprocessing = 0;
		};
/* End PBXFrameworksBuildPhase section */

/* Begin PBXGroup section */
		0A03EC98BF866A7509972A37 /* Frameworks */ = {
			isa = PBXGroup;
			children = (
				492EF32D0036978EA1D8F0C8 /* Pods_MoyaDemo.framework */,
			);
			name = Frameworks;
			sourceTree = "<group>";
		};
		C75386E67B3D2D9311058898 /* Pods */ = {
			isa = PBXGroup;
			children = (
				FC310B75E96C9F367DF0EB64 /* Pods-MoyaDemo.debug.xcconfig */,
				30CF8B3D728DB2BF4EC4CB1F /* Pods-MoyaDemo.release.xcconfig */,
			);
			name = Pods;
			sourceTree = "<group>";
		};
		D08EF16521A957B4001FAC99 = {
			isa = PBXGroup;
			children = (
				D08EF17021A957B5001FAC99 /* MoyaDemo */,
				D08EF16F21A957B5001FAC99 /* Products */,
				C75386E67B3D2D9311058898 /* Pods */,
				0A03EC98BF866A7509972A37 /* Frameworks */,
			);
			sourceTree = "<group>";
		};
		D08EF16F21A957B5001FAC99 /* Products */ = {
			isa = PBXGroup;
			children = (
				D08EF16E21A957B5001FAC99 /* MoyaDemo.app */,
			);
			name = Products;
			sourceTree = "<group>";
		};
		D08EF17021A957B5001FAC99 /* MoyaDemo */ = {
			isa = PBXGroup;
			children = (
				D08EF17121A957B5001FAC99 /* AppDelegate.swift */,
				D08EF17321A957B5001FAC99 /* ViewController.swift */,
				D08EF17521A957B5001FAC99 /* Main.storyboard */,
				D08EF17821A957B6001FAC99 /* Assets.xcassets */,
				D08EF17A21A957B6001FAC99 /* LaunchScreen.storyboard */,
				D08EF17D21A957B6001FAC99 /* Info.plist */,
				D08EF18321A96665001FAC99 /* MyService.swift */,
			);
			path = MoyaDemo;
			sourceTree = "<group>";
		};
/* End PBXGroup section */

/* Begin PBXNativeTarget section */
		D08EF16D21A957B5001FAC99 /* MoyaDemo */ = {
			isa = PBXNativeTarget;
			buildConfigurationList = D08EF18021A957B6001FAC99 /* Build configuration list for PBXNativeTarget "MoyaDemo" */;
			buildPhases = (
				0B4067F51826F234EE3D034C /* [CP] Check Pods Manifest.lock */,
				D08EF16A21A957B5001FAC99 /* Sources */,
				D08EF16B21A957B5001FAC99 /* Frameworks */,
				D08EF16C21A957B5001FAC99 /* Resources */,
				95704D0F244F93F0A08FE8CB /* [CP] Embed Pods Frameworks */,
			);
			buildRules = (
			);
			dependencies = (
			);
			name = MoyaDemo;
			productName = MoyaDemo;
			productReference = D08EF16E21A957B5001FAC99 /* MoyaDemo.app */;
			productType = "com.apple.product-type.application";
		};
/* End PBXNativeTarget section */

/* Begin PBXProject section */
		D08EF16621A957B4001FAC99 /* Project object */ = {
			isa = PBXProject;
			attributes = {
				LastSwiftUpdateCheck = 1010;
				LastUpgradeCheck = 1010;
				ORGANIZATIONNAME = DancewithPeng;
				TargetAttributes = {
					D08EF16D21A957B5001FAC99 = {
						CreatedOnToolsVersion = 10.1;
					};
				};
			};
			buildConfigurationList = D08EF16921A957B4001FAC99 /* Build configuration list for PBXProject "MoyaDemo" */;
			compatibilityVersion = "Xcode 9.3";
			developmentRegion = en;
			hasScannedForEncodings = 0;
			knownRegions = (
				en,
				Base,
			);
			mainGroup = D08EF16521A957B4001FAC99;
			productRefGroup = D08EF16F21A957B5001FAC99 /* Products */;
			projectDirPath = "";
			projectRoot = "";
			targets = (
				D08EF16D21A957B5001FAC99 /* MoyaDemo */,
			);
		};
/* End PBXProject section */

/* Begin PBXResourcesBuildPhase section */
		D08EF16C21A957B5001FAC99 /* Resources */ = {
			isa = PBXResourcesBuildPhase;
			buildActionMask = 2147483647;
			files = (
				D08EF17C21A957B6001FAC99 /* LaunchScreen.storyboard in Resources */,
				D08EF17921A957B6001FAC99 /* Assets.xcassets in Resources */,
				D08EF17721A957B5001FAC99 /* Main.storyboard in Resources */,
			);
			runOnlyForDeploymentPostprocessing = 0;
		};
/* End PBXResourcesBuildPhase section */

/* Begin PBXShellScriptBuildPhase section */
		0B4067F51826F234EE3D034C /* [CP] Check Pods Manifest.lock */ = {
			isa = PBXShellScriptBuildPhase;
			buildActionMask = 2147483647;
			files = (
			);
			inputFileListPaths = (
			);
			inputPaths = (
				"${PODS_PODFILE_DIR_PATH}/Podfile.lock",
				"${PODS_ROOT}/Manifest.lock",
			);
			name = "[CP] Check Pods Manifest.lock";
			outputFileListPaths = (
			);
			outputPaths = (
				"$(DERIVED_FILE_DIR)/Pods-MoyaDemo-checkManifestLockResult.txt",
			);
			runOnlyForDeploymentPostprocessing = 0;
			shellPath = /bin/sh;
			shellScript = "diff \"${PODS_PODFILE_DIR_PATH}/Podfile.lock\" \"${PODS_ROOT}/Manifest.lock\" > /dev/null\nif [ $? != 0 ] ; then\n    # print error to STDERR\n    echo \"error: The sandbox is not in sync with the Podfile.lock. Run 'pod install' or update your CocoaPods installation.\" >&2\n    exit 1\nfi\n# This output is used by Xcode 'outputs' to avoid re-running this script phase.\necho \"SUCCESS\" > \"${SCRIPT_OUTPUT_FILE_0}\"\n";
			showEnvVarsInLog = 0;
		};
		95704D0F244F93F0A08FE8CB /* [CP] Embed Pods Frameworks */ = {
			isa = PBXShellScriptBuildPhase;
			buildActionMask = 2147483647;
			files = (
			);
			inputFileListPaths = (
			);
			inputPaths = (
				"${SRCROOT}/Pods/Target Support Files/Pods-MoyaDemo/Pods-MoyaDemo-frameworks.sh",
				"${BUILT_PRODUCTS_DIR}/Alamofire/Alamofire.framework",
				"${BUILT_PRODUCTS_DIR}/Moya/Moya.framework",
				"${BUILT_PRODUCTS_DIR}/ReactiveSwift/ReactiveSwift.framework",
				"${BUILT_PRODUCTS_DIR}/Result/Result.framework",
			);
			name = "[CP] Embed Pods Frameworks";
			outputFileListPaths = (
			);
			outputPaths = (
				"${TARGET_BUILD_DIR}/${FRAMEWORKS_FOLDER_PATH}/Alamofire.framework",
				"${TARGET_BUILD_DIR}/${FRAMEWORKS_FOLDER_PATH}/Moya.framework",
				"${TARGET_BUILD_DIR}/${FRAMEWORKS_FOLDER_PATH}/ReactiveSwift.framework",
				"${TARGET_BUILD_DIR}/${FRAMEWORKS_FOLDER_PATH}/Result.framework",
			);
			runOnlyForDeploymentPostprocessing = 0;
			shellPath = /bin/sh;
			shellScript = "\"${SRCROOT}/Pods/Target Support Files/Pods-MoyaDemo/Pods-MoyaDemo-frameworks.sh\"\n";
			showEnvVarsInLog = 0;
		};
/* End PBXShellScriptBuildPhase section */

/* Begin PBXSourcesBuildPhase section */
		D08EF16A21A957B5001FAC99 /* Sources */ = {
			isa = PBXSourcesBuildPhase;
			buildActionMask = 2147483647;
			files = (
				D08EF18421A96665001FAC99 /* MyService.swift in Sources */,
				D08EF17421A957B5001FAC99 /* ViewController.swift in Sources */,
				D08EF17221A957B5001FAC99 /* AppDelegate.swift in Sources */,
			);
			runOnlyForDeploymentPostprocessing = 0;
		};
/* End PBXSourcesBuildPhase section */

/* Begin PBXVariantGroup section */
		D08EF17521A957B5001FAC99 /* Main.storyboard */ = {
			isa = PBXVariantGroup;
			children = (
				D08EF17621A957B5001FAC99 /* Base */,
			);
			name = Main.storyboard;
			sourceTree = "<group>";
		};
		D08EF17A21A957B6001FAC99 /* LaunchScreen.storyboard */ = {
			isa = PBXVariantGroup;
			children = (
				D08EF17B21A957B6001FAC99 /* Base */,
			);
			name = LaunchScreen.storyboard;
			sourceTree = "<group>";
		};
/* End PBXVariantGroup section */

/* Begin XCBuildConfiguration section */
		D08EF17E21A957B6001FAC99 /* Debug */ = {
			isa = XCBuildConfiguration;
			buildSettings = {
				ALWAYS_SEARCH_USER_PATHS = NO;
				CLANG_ANALYZER_NONNULL = YES;
				CLANG_ANALYZER_NUMBER_OBJECT_CONVERSION = YES_AGGRESSIVE;
				CLANG_CXX_LANGUAGE_STANDARD = "gnu++14";
				CLANG_CXX_LIBRARY = "libc++";
				CLANG_ENABLE_MODULES = YES;
				CLANG_ENABLE_OBJC_ARC = YES;
				CLANG_ENABLE_OBJC_WEAK = YES;
				CLANG_WARN_BLOCK_CAPTURE_AUTORELEASING = YES;
				CLANG_WARN_BOOL_CONVERSION = YES;
				CLANG_WARN_COMMA = YES;
				CLANG_WARN_CONSTANT_CONVERSION = YES;
				CLANG_WARN_DEPRECATED_OBJC_IMPLEMENTATIONS = YES;
				CLANG_WARN_DIRECT_OBJC_ISA_USAGE = YES_ERROR;
				CLANG_WARN_DOCUMENTATION_COMMENTS = YES;
				CLANG_WARN_EMPTY_BODY = YES;
				CLANG_WARN_ENUM_CONVERSION = YES;
				CLANG_WARN_INFINITE_RECURSION = YES;
				CLANG_WARN_INT_CONVERSION = YES;
				CLANG_WARN_NON_LITERAL_NULL_CONVERSION = YES;
				CLANG_WARN_OBJC_IMPLICIT_RETAIN_SELF = YES;
				CLANG_WARN_OBJC_LITERAL_CONVERSION = YES;
				CLANG_WARN_OBJC_ROOT_CLASS = YES_ERROR;
				CLANG_WARN_RANGE_LOOP_ANALYSIS = YES;
				CLANG_WARN_STRICT_PROTOTYPES = YES;
				CLANG_WARN_SUSPICIOUS_MOVE = YES;
				CLANG_WARN_UNGUARDED_AVAILABILITY = YES_AGGRESSIVE;
				CLANG_WARN_UNREACHABLE_CODE = YES;
				CLANG_WARN__DUPLICATE_METHOD_MATCH = YES;
				CODE_SIGN_IDENTITY = "iPhone Developer";
				COPY_PHASE_STRIP = NO;
				DEBUG_INFORMATION_FORMAT = dwarf;
				ENABLE_STRICT_OBJC_MSGSEND = YES;
				ENABLE_TESTABILITY = YES;
				GCC_C_LANGUAGE_STANDARD = gnu11;
				GCC_DYNAMIC_NO_PIC = NO;
				GCC_NO_COMMON_BLOCKS = YES;
				GCC_OPTIMIZATION_LEVEL = 0;
				GCC_PREPROCESSOR_DEFINITIONS = (
					"DEBUG=1",
					"$(inherited)",
				);
				GCC_WARN_64_TO_32_BIT_CONVERSION = YES;
				GCC_WARN_ABOUT_RETURN_TYPE = YES_ERROR;
				GCC_WARN_UNDECLARED_SELECTOR = YES;
				GCC_WARN_UNINITIALIZED_AUTOS = YES_AGGRESSIVE;
				GCC_WARN_UNUSED_FUNCTION = YES;
				GCC_WARN_UNUSED_VARIABLE = YES;
				IPHONEOS_DEPLOYMENT_TARGET = 12.1;
				MTL_ENABLE_DEBUG_INFO = INCLUDE_SOURCE;
				MTL_FAST_MATH = YES;
				ONLY_ACTIVE_ARCH = YES;
				SDKROOT = iphoneos;
				SWIFT_ACTIVE_COMPILATION_CONDITIONS = DEBUG;
				SWIFT_OPTIMIZATION_LEVEL = "-Onone";
			};
			name = Debug;
		};
		D08EF17F21A957B6001FAC99 /* Release */ = {
			isa = XCBuildConfiguration;
			buildSettings = {
				ALWAYS_SEARCH_USER_PATHS = NO;
				CLANG_ANALYZER_NONNULL = YES;
				CLANG_ANALYZER_NUMBER_OBJECT_CONVERSION = YES_AGGRESSIVE;
				CLANG_CXX_LANGUAGE_STANDARD = "gnu++14";
				CLANG_CXX_LIBRARY = "libc++";
				CLANG_ENABLE_MODULES = YES;
				CLANG_ENABLE_OBJC_ARC = YES;
				CLANG_ENABLE_OBJC_WEAK = YES;
				CLANG_WARN_BLOCK_CAPTURE_AUTORELEASING = YES;
				CLANG_WARN_BOOL_CONVERSION = YES;
				CLANG_WARN_COMMA = YES;
				CLANG_WARN_CONSTANT_CONVERSION = YES;
				CLANG_WARN_DEPRECATED_OBJC_IMPLEMENTATIONS = YES;
				CLANG_WARN_DIRECT_OBJC_ISA_USAGE = YES_ERROR;
				CLANG_WARN_DOCUMENTATION_COMMENTS = YES;
				CLANG_WARN_EMPTY_BODY = YES;
				CLANG_WARN_ENUM_CONVERSION = YES;
				CLANG_WARN_INFINITE_RECURSION = YES;
				CLANG_WARN_INT_CONVERSION = YES;
				CLANG_WARN_NON_LITERAL_NULL_CONVERSION = YES;
				CLANG_WARN_OBJC_IMPLICIT_RETAIN_SELF = YES;
				CLANG_WARN_OBJC_LITERAL_CONVERSION = YES;
				CLANG_WARN_OBJC_ROOT_CLASS = YES_ERROR;
				CLANG_WARN_RANGE_LOOP_ANALYSIS = YES;
				CLANG_WARN_STRICT_PROTOTYPES = YES;
				CLANG_WARN_SUSPICIOUS_MOVE = YES;
				CLANG_WARN_UNGUARDED_AVAILABILITY = YES_AGGRESSIVE;
				CLANG_WARN_UNREACHABLE_CODE = YES;
				CLANG_WARN__DUPLICATE_METHOD_MATCH = YES;
				CODE_SIGN_IDENTITY = "iPhone Developer";
				COPY_PHASE_STRIP = NO;
				DEBUG_INFORMATION_FORMAT = "dwarf-with-dsym";
				ENABLE_NS_ASSERTIONS = NO;
				ENABLE_STRICT_OBJC_MSGSEND = YES;
				GCC_C_LANGUAGE_STANDARD = gnu11;
				GCC_NO_COMMON_BLOCKS = YES;
				GCC_WARN_64_TO_32_BIT_CONVERSION = YES;
				GCC_WARN_ABOUT_RETURN_TYPE = YES_ERROR;
				GCC_WARN_UNDECLARED_SELECTOR = YES;
				GCC_WARN_UNINITIALIZED_AUTOS = YES_AGGRESSIVE;
				GCC_WARN_UNUSED_FUNCTION = YES;
				GCC_WARN_UNUSED_VARIABLE = YES;
				IPHONEOS_DEPLOYMENT_TARGET = 12.1;
				MTL_ENABLE_DEBUG_INFO = NO;
				MTL_FAST_MATH = YES;
				SDKROOT = iphoneos;
				SWIFT_COMPILATION_MODE = wholemodule;
				SWIFT_OPTIMIZATION_LEVEL = "-O";
				VALIDATE_PRODUCT = YES;
			};
			name = Release;
		};
		D08EF18121A957B6001FAC99 /* Debug */ = {
			isa = XCBuildConfiguration;
			baseConfigurationReference = FC310B75E96C9F367DF0EB64 /* Pods-MoyaDemo.debug.xcconfig */;
			buildSettings = {
				ASSETCATALOG_COMPILER_APPICON_NAME = AppIcon;
				CODE_SIGN_STYLE = Automatic;
				INFOPLIST_FILE = MoyaDemo/Info.plist;
				LD_RUNPATH_SEARCH_PATHS = (
					"$(inherited)",
					"@executable_path/Frameworks",
				);
				PRODUCT_BUNDLE_IDENTIFIER = DP.Demo.MoyaDemo;
				PRODUCT_NAME = "$(TARGET_NAME)";
				SWIFT_VERSION = 4.2;
				TARGETED_DEVICE_FAMILY = "1,2";
			};
			name = Debug;
		};
		D08EF18221A957B6001FAC99 /* Release */ = {
			isa = XCBuildConfiguration;
			baseConfigurationReference = 30CF8B3D728DB2BF4EC4CB1F /* Pods-MoyaDemo.release.xcconfig */;
			buildSettings = {
				ASSETCATALOG_COMPILER_APPICON_NAME = AppIcon;
				CODE_SIGN_STYLE = Automatic;
				INFOPLIST_FILE = MoyaDemo/Info.plist;
				LD_RUNPATH_SEARCH_PATHS = (
					"$(inherited)",
					"@executable_path/Frameworks",
				);
				PRODUCT_BUNDLE_IDENTIFIER = DP.Demo.MoyaDemo;
				PRODUCT_NAME = "$(TARGET_NAME)";
				SWIFT_VERSION = 4.2;
				TARGETED_DEVICE_FAMILY = "1,2";
			};
			name = Release;
		};
/* End XCBuildConfiguration section */

/* Begin XCConfigurationList section */
		D08EF16921A957B4001FAC99 /* Build configuration list for PBXProject "MoyaDemo" */ = {
			isa = XCConfigurationList;
			buildConfigurations = (
				D08EF17E21A957B6001FAC99 /* Debug */,
				D08EF17F21A957B6001FAC99 /* Release */,
			);
			defaultConfigurationIsVisible = 0;
			defaultConfigurationName = Release;
		};
		D08EF18021A957B6001FAC99 /* Build configuration list for PBXNativeTarget "MoyaDemo" */ = {
			isa = XCConfigurationList;
			buildConfigurations = (
				D08EF18121A957B6001FAC99 /* Debug */,
				D08EF18221A957B6001FAC99 /* Release */,
			);
			defaultConfigurationIsVisible = 0;
			defaultConfigurationName = Release;
		};
/* End XCConfigurationList section */
	};
	rootObject = D08EF16621A957B4001FAC99 /* Project object */;
}
